PODS:
  - AppCenter (1.2.0):
    - AppCenter/Analytics (= 1.2.0)
    - AppCenter/Crashes (= 1.2.0)
  - AppCenter/Analytics (1.2.0):
    - AppCenter/Core
  - AppCenter/Core (1.2.0)
  - AppCenter/Crashes (1.2.0):
    - AppCenter/Core
  - AWSCognito (2.6.1):
    - AWSCore (= 2.6.1)
  - AWSCognitoIdentityProvider (2.6.1):
    - AWSCore (= 2.6.1)
  - AWSCore (2.6.1)
  - SnapKit (4.0.0)
  - SocketRocket (0.5.1)

DEPENDENCIES:
  - AppCenter (= 1.2.0)
  - AWSCognito
  - AWSCognitoIdentityProvider
  - SnapKit (= 4.0.0)
  - SocketRocket (= 0.5.1)

SPEC CHECKSUMS:
  AppCenter: d0b68b2a7a87ac0aed78e66f36d87fd321d0a29c
  AWSCognito: 9aad635e11de0febf026e8a8acbbd345b2016801
  AWSCognitoIdentityProvider: a335678a0024fa2b44213bc4e86b46b21773e567
  AWSCore: e7d37fa0715def975acf1b0d75556576780088b8
  SnapKit: a42d492c16e80209130a3379f73596c3454b7694
  SocketRocket: d57c7159b83c3c6655745cd15302aa24b6bae531

PODFILE CHECKSUM: 25154dff33d087c79f246d9dc4bcf36c189bab30

COCOAPODS: 1.4.0
