PODS:
  - AppCenter (1.7.1):
    - AppCenter/Analytics (= 1.7.1)
    - AppCenter/Crashes (= 1.7.1)
  - AppCenter/Analytics (1.7.1):
    - AppCenter/Core
  - AppCenter/Core (1.7.1)
  - AppCenter/Crashes (1.7.1):
    - AppCenter/Core
  - AWSCognito (2.9.3):
    - AWSCore (= 2.9.3)
  - AWSCognitoIdentityProvider (2.9.3):
    - AWSCognitoIdentityProviderASF (= 1.0.1)
    - AWSCore (= 2.9.3)
  - AWSCognitoIdentityProviderASF (1.0.1)
  - AWSCore (2.9.3)
  - RxAtomic (4.4.2)
  - RxCocoa (4.4.2):
    - RxSwift (>= 4.4.2, ~> 4.4)
  - RxSwift (4.4.2):
    - RxAtomic (>= 4.4.2, ~> 4.4)
  - SnapKit (4.2.0)
  - SocketRocket (0.5.1)

DEPENDENCIES:
  - AppCenter (= 1.7.1)
  - AWSCognito (= 2.9.3)
  - AWSCognitoIdentityProvider (= 2.9.3)
  - RxCocoa (= 4.4.2)
  - RxSwift (= 4.4.2)
  - SnapKit (= 4.2.0)
  - SocketRocket (= 0.5.1)

SPEC REPOS:
  https://github.com/cocoapods/specs.git:
    - AppCenter
    - AWSCognito
    - AWSCognitoIdentityProvider
    - AWSCognitoIdentityProviderASF
    - AWSCore
    - RxAtomic
    - RxCocoa
    - RxSwift
    - SnapKit
    - SocketRocket

SPEC CHECKSUMS:
  AppCenter: 53349f138e596f2514f7559bb50a7e6e55219f17
  AWSCognito: 508185a281676e58914f297dce13de8d7ac01fd4
  AWSCognitoIdentityProvider: 827e8d7ec506dd09ed4f72afe7be587a6dd85af5
  AWSCognitoIdentityProviderASF: f94f1a502e72ef3d0a1de93e10bf7a79c8698118
  AWSCore: 5cbb6c6ccfad4b55e494c2e8df87781512f7881e
  RxAtomic: d00e97c10db88c6f08540e0bf2752fc5a2404167
  RxCocoa: 477990dc3b4c3ff55fb0ac77e1cc06244e0aaec8
  RxSwift: 74c29b693c8e42b0f64400e8b06564575742d649
  SnapKit: fe8a619752f3f27075cc9a90244d75c6c3f27e2a
  SocketRocket: d57c7159b83c3c6655745cd15302aa24b6bae531

PODFILE CHECKSUM: bf4e7ddb6e6f530985ce13fdc1dbb50154a4fe0e

COCOAPODS: 1.5.3
